// !$*UTF8*$!
{
	archiveVersion = 1;
	classes = {
	};
	objectVersion = 51;
	objects = {

/* Begin PBXBuildFile section */
		3427B6D423D1BA530037E17C /* documents@2x.png in Resources */ = {isa = PBXBuildFile; fileRef = 3427B6D323D1BA530037E17C /* documents@2x.png */; };
		34287CF423CEFE8C00FDED7A /* AppDelegate.m in Sources */ = {isa = PBXBuildFile; fileRef = 34287CF323CEFE8C00FDED7A /* AppDelegate.m */; };
		34287CF723CEFE8C00FDED7A /* ViewController.m in Sources */ = {isa = PBXBuildFile; fileRef = 34287CF623CEFE8C00FDED7A /* ViewController.m */; };
		34287CFA23CEFE8D00FDED7A /* Main.storyboard in Resources */ = {isa = PBXBuildFile; fileRef = 34287CF823CEFE8D00FDED7A /* Main.storyboard */; };
		34287CFC23CEFE8D00FDED7A /* Assets.xcassets in Resources */ = {isa = PBXBuildFile; fileRef = 34287CFB23CEFE8D00FDED7A /* Assets.xcassets */; };
		34287CFF23CEFE8D00FDED7A /* LaunchScreen.storyboard in Resources */ = {isa = PBXBuildFile; fileRef = 34287CFD23CEFE8D00FDED7A /* LaunchScreen.storyboard */; };
		34287D0223CEFE8D00FDED7A /* main.m in Sources */ = {isa = PBXBuildFile; fileRef = 34287D0123CEFE8D00FDED7A /* main.m */; };
		D51C43B3F3A94F2577D80EB6 /* libPods-FileBrower_OC_Demo.a in Frameworks */ = {isa = PBXBuildFile; fileRef = 47AA3252832E0A464570A1FE /* libPods-FileBrower_OC_Demo.a */; };
/* End PBXBuildFile section */

/* Begin PBXFileReference section */
		3427B6D323D1BA530037E17C /* documents@2x.png */ = {isa = PBXFileReference; lastKnownFileType = image.png; path = "documents@2x.png"; sourceTree = "<group>"; };
		34287CEF23CEFE8C00FDED7A /* FileBrower_OC_Demo.app */ = {isa = PBXFileReference; explicitFileType = wrapper.application; includeInIndex = 0; path = FileBrower_OC_Demo.app; sourceTree = BUILT_PRODUCTS_DIR; };
		34287CF223CEFE8C00FDED7A /* AppDelegate.h */ = {isa = PBXFileReference; lastKnownFileType = sourcecode.c.h; path = AppDelegate.h; sourceTree = "<group>"; };
		34287CF323CEFE8C00FDED7A /* AppDelegate.m */ = {isa = PBXFileReference; lastKnownFileType = sourcecode.c.objc; path = AppDelegate.m; sourceTree = "<group>"; };
		34287CF523CEFE8C00FDED7A /* ViewController.h */ = {isa = PBXFileReference; lastKnownFileType = sourcecode.c.h; path = ViewController.h; sourceTree = "<group>"; };
		34287CF623CEFE8C00FDED7A /* ViewController.m */ = {isa = PBXFileReference; lastKnownFileType = sourcecode.c.objc; path = ViewController.m; sourceTree = "<group>"; };
		34287CF923CEFE8D00FDED7A /* Base */ = {isa = PBXFileReference; lastKnownFileType = file.storyboard; name = Base; path = Base.lproj/Main.storyboard; sourceTree = "<group>"; };
		34287CFB23CEFE8D00FDED7A /* Assets.xcassets */ = {isa = PBXFileReference; lastKnownFileType = folder.assetcatalog; path = Assets.xcassets; sourceTree = "<group>"; };
		34287CFE23CEFE8D00FDED7A /* Base */ = {isa = PBXFileReference; lastKnownFileType = file.storyboard; name = Base; path = Base.lproj/LaunchScreen.storyboard; sourceTree = "<group>"; };
		34287D0023CEFE8D00FDED7A /* Info.plist */ = {isa = PBXFileReference; lastKnownFileType = text.plist.xml; path = Info.plist; sourceTree = "<group>"; };
		34287D0123CEFE8D00FDED7A /* main.m */ = {isa = PBXFileReference; lastKnownFileType = sourcecode.c.objc; path = main.m; sourceTree = "<group>"; };
		47AA3252832E0A464570A1FE /* libPods-FileBrower_OC_Demo.a */ = {isa = PBXFileReference; explicitFileType = archive.ar; includeInIndex = 0; path = "libPods-FileBrower_OC_Demo.a"; sourceTree = BUILT_PRODUCTS_DIR; };
		E64321F32BC7F2DBF83CFA85 /* Pods-FileBrower_OC_Demo.debug.xcconfig */ = {isa = PBXFileReference; includeInIndex = 1; lastKnownFileType = text.xcconfig; name = "Pods-FileBrower_OC_Demo.debug.xcconfig"; path = "Target Support Files/Pods-FileBrower_OC_Demo/Pods-FileBrower_OC_Demo.debug.xcconfig"; sourceTree = "<group>"; };
		F92FD53A30A073FD822A858F /* Pods-FileBrower_OC_Demo.release.xcconfig */ = {isa = PBXFileReference; includeInIndex = 1; lastKnownFileType = text.xcconfig; name = "Pods-FileBrower_OC_Demo.release.xcconfig"; path = "Target Support Files/Pods-FileBrower_OC_Demo/Pods-FileBrower_OC_Demo.release.xcconfig"; sourceTree = "<group>"; };
/* End PBXFileReference section */

/* Begin PBXFrameworksBuildPhase section */
		34287CEC23CEFE8C00FDED7A /* Frameworks */ = {
			isa = PBXFrameworksBuildPhase;
			buildActionMask = 2147483647;
			files = (
				D51C43B3F3A94F2577D80EB6 /* libPods-FileBrower_OC_Demo.a in Frameworks */,
			);
			runOnlyForDeploymentPostprocessing = 0;
		};
/* End PBXFrameworksBuildPhase section */

/* Begin PBXGroup section */
		028900124FC8E37757CB5E4C /* Pods */ = {
			isa = PBXGroup;
			children = (
				E64321F32BC7F2DBF83CFA85 /* Pods-FileBrower_OC_Demo.debug.xcconfig */,
				F92FD53A30A073FD822A858F /* Pods-FileBrower_OC_Demo.release.xcconfig */,
			);
			path = Pods;
			sourceTree = "<group>";
		};
		34287CE623CEFE8C00FDED7A = {
			isa = PBXGroup;
			children = (
				34287CF123CEFE8C00FDED7A /* FileBrower_OC_Demo */,
				34287CF023CEFE8C00FDED7A /* Products */,
				028900124FC8E37757CB5E4C /* Pods */,
				E42D556C75E817BD0C9DCBE7 /* Frameworks */,
			);
			sourceTree = "<group>";
		};
		34287CF023CEFE8C00FDED7A /* Products */ = {
			isa = PBXGroup;
			children = (
				34287CEF23CEFE8C00FDED7A /* FileBrower_OC_Demo.app */,
			);
			name = Products;
			sourceTree = "<group>";
		};
		34287CF123CEFE8C00FDED7A /* FileBrower_OC_Demo */ = {
			isa = PBXGroup;
			children = (
				34287CF223CEFE8C00FDED7A /* AppDelegate.h */,
				34287CF323CEFE8C00FDED7A /* AppDelegate.m */,
				34287CF523CEFE8C00FDED7A /* ViewController.h */,
				34287CF623CEFE8C00FDED7A /* ViewController.m */,
				3427B6D323D1BA530037E17C /* documents@2x.png */,
				34287CF823CEFE8D00FDED7A /* Main.storyboard */,
				34287CFB23CEFE8D00FDED7A /* Assets.xcassets */,
				34287CFD23CEFE8D00FDED7A /* LaunchScreen.storyboard */,
				34287D0023CEFE8D00FDED7A /* Info.plist */,
				34287D0123CEFE8D00FDED7A /* main.m */,
			);
			path = FileBrower_OC_Demo;
			sourceTree = "<group>";
		};
		E42D556C75E817BD0C9DCBE7 /* Frameworks */ = {
			isa = PBXGroup;
			children = (
				47AA3252832E0A464570A1FE /* libPods-FileBrower_OC_Demo.a */,
			);
			name = Frameworks;
			sourceTree = "<group>";
		};
/* End PBXGroup section */

/* Begin PBXNativeTarget section */
		34287CEE23CEFE8C00FDED7A /* FileBrower_OC_Demo */ = {
			isa = PBXNativeTarget;
			buildConfigurationList = 34287D0523CEFE8D00FDED7A /* Build configuration list for PBXNativeTarget "FileBrower_OC_Demo" */;
			buildPhases = (
				02916D45660EDAF9621A7817 /* [CP] Check Pods Manifest.lock */,
				34287CEB23CEFE8C00FDED7A /* Sources */,
				34287CEC23CEFE8C00FDED7A /* Frameworks */,
				34287CED23CEFE8C00FDED7A /* Resources */,
				9FB5142C11225AD9014F3669 /* [CP] Copy Pods Resources */,
			);
			buildRules = (
			);
			dependencies = (
			);
			name = FileBrower_OC_Demo;
			productName = FileBrower_OC_Demo;
			productReference = 34287CEF23CEFE8C00FDED7A /* FileBrower_OC_Demo.app */;
			productType = "com.apple.product-type.application";
		};
/* End PBXNativeTarget section */

/* Begin PBXProject section */
		34287CE723CEFE8C00FDED7A /* Project object */ = {
			isa = PBXProject;
			attributes = {
				LastUpgradeCheck = 1010;
				ORGANIZATIONNAME = zhiming9;
				TargetAttributes = {
					34287CEE23CEFE8C00FDED7A = {
						CreatedOnToolsVersion = 10.1;
					};
				};
			};
			buildConfigurationList = 34287CEA23CEFE8C00FDED7A /* Build configuration list for PBXProject "FileBrower_OC_Demo" */;
			compatibilityVersion = "Xcode 9.3";
			developmentRegion = en;
			hasScannedForEncodings = 0;
			knownRegions = (
				en,
				Base,
			);
			mainGroup = 34287CE623CEFE8C00FDED7A;
			productRefGroup = 34287CF023CEFE8C00FDED7A /* Products */;
			projectDirPath = "";
			projectRoot = "";
			targets = (
				34287CEE23CEFE8C00FDED7A /* FileBrower_OC_Demo */,
			);
		};
/* End PBXProject section */

/* Begin PBXResourcesBuildPhase section */
		34287CED23CEFE8C00FDED7A /* Resources */ = {
			isa = PBXResourcesBuildPhase;
			buildActionMask = 2147483647;
			files = (
				34287CFF23CEFE8D00FDED7A /* LaunchScreen.storyboard in Resources */,
				34287CFC23CEFE8D00FDED7A /* Assets.xcassets in Resources */,
				3427B6D423D1BA530037E17C /* documents@2x.png in Resources */,
				34287CFA23CEFE8D00FDED7A /* Main.storyboard in Resources */,
			);
			runOnlyForDeploymentPostprocessing = 0;
		};
/* End PBXResourcesBuildPhase section */

/* Begin PBXShellScriptBuildPhase section */
		02916D45660EDAF9621A7817 /* [CP] Check Pods Manifest.lock */ = {
			isa = PBXShellScriptBuildPhase;
			buildActionMask = 2147483647;
			files = (
			);
			inputFileListPaths = (
			);
			inputPaths = (
				"${PODS_PODFILE_DIR_PATH}/Podfile.lock",
				"${PODS_ROOT}/Manifest.lock",
			);
			name = "[CP] Check Pods Manifest.lock";
			outputFileListPaths = (
			);
			outputPaths = (
				"$(DERIVED_FILE_DIR)/Pods-FileBrower_OC_Demo-checkManifestLockResult.txt",
			);
			runOnlyForDeploymentPostprocessing = 0;
			shellPath = /bin/sh;
			shellScript = "diff \"${PODS_PODFILE_DIR_PATH}/Podfile.lock\" \"${PODS_ROOT}/Manifest.lock\" > /dev/null\nif [ $? != 0 ] ; then\n    # print error to STDERR\n    echo \"error: The sandbox is not in sync with the Podfile.lock. Run 'pod install' or update your CocoaPods installation.\" >&2\n    exit 1\nfi\n# This output is used by Xcode 'outputs' to avoid re-running this script phase.\necho \"SUCCESS\" > \"${SCRIPT_OUTPUT_FILE_0}\"\n";
			showEnvVarsInLog = 0;
		};
		9FB5142C11225AD9014F3669 /* [CP] Copy Pods Resources */ = {
			isa = PBXShellScriptBuildPhase;
			buildActionMask = 2147483647;
			files = (
			);
			inputFileListPaths = (
				"${PODS_ROOT}/Target Support Files/Pods-FileBrower_OC_Demo/Pods-FileBrower_OC_Demo-resources-${CONFIGURATION}-input-files.xcfilelist",
			);
			name = "[CP] Copy Pods Resources";
			outputFileListPaths = (
				"${PODS_ROOT}/Target Support Files/Pods-FileBrower_OC_Demo/Pods-FileBrower_OC_Demo-resources-${CONFIGURATION}-output-files.xcfilelist",
			);
			runOnlyForDeploymentPostprocessing = 0;
			shellPath = /bin/sh;
			shellScript = "\"${PODS_ROOT}/Target Support Files/Pods-FileBrower_OC_Demo/Pods-FileBrower_OC_Demo-resources.sh\"\n";
			showEnvVarsInLog = 0;
		};
/* End PBXShellScriptBuildPhase section */

/* Begin PBXSourcesBuildPhase section */
		34287CEB23CEFE8C00FDED7A /* Sources */ = {
			isa = PBXSourcesBuildPhase;
			buildActionMask = 2147483647;
			files = (
				34287CF723CEFE8C00FDED7A /* ViewController.m in Sources */,
				34287D0223CEFE8D00FDED7A /* main.m in Sources */,
				34287CF423CEFE8C00FDED7A /* AppDelegate.m in Sources */,
			);
			runOnlyForDeploymentPostprocessing = 0;
		};
/* End PBXSourcesBuildPhase section */

/* Begin PBXVariantGroup section */
		34287CF823CEFE8D00FDED7A /* Main.storyboard */ = {
			isa = PBXVariantGroup;
			children = (
				34287CF923CEFE8D00FDED7A /* Base */,
			);
			name = Main.storyboard;
			sourceTree = "<group>";
		};
		34287CFD23CEFE8D00FDED7A /* LaunchScreen.storyboard */ = {
			isa = PBXVariantGroup;
			children = (
				34287CFE23CEFE8D00FDED7A /* Base */,
			);
			name = LaunchScreen.storyboard;
			sourceTree = "<group>";
		};
/* End PBXVariantGroup section */

/* Begin XCBuildConfiguration section */
		34287D0323CEFE8D00FDED7A /* Debug */ = {
			isa = XCBuildConfiguration;
			buildSettings = {
				ALWAYS_SEARCH_USER_PATHS = NO;
				CLANG_ANALYZER_NONNULL = YES;
				CLANG_ANALYZER_NUMBER_OBJECT_CONVERSION = YES_AGGRESSIVE;
				CLANG_CXX_LANGUAGE_STANDARD = "gnu++14";
				CLANG_CXX_LIBRARY = "libc++";
				CLANG_ENABLE_MODULES = YES;
				CLANG_ENABLE_OBJC_ARC = YES;
				CLANG_ENABLE_OBJC_WEAK = YES;
				CLANG_WARN_BLOCK_CAPTURE_AUTORELEASING = YES;
				CLANG_WARN_BOOL_CONVERSION = YES;
				CLANG_WARN_COMMA = YES;
				CLANG_WARN_CONSTANT_CONVERSION = YES;
				CLANG_WARN_DEPRECATED_OBJC_IMPLEMENTATIONS = YES;
				CLANG_WARN_DIRECT_OBJC_ISA_USAGE = YES_ERROR;
				CLANG_WARN_DOCUMENTATION_COMMENTS = YES;
				CLANG_WARN_EMPTY_BODY = YES;
				CLANG_WARN_ENUM_CONVERSION = YES;
				CLANG_WARN_INFINITE_RECURSION = YES;
				CLANG_WARN_INT_CONVERSION = YES;
				CLANG_WARN_NON_LITERAL_NULL_CONVERSION = YES;
				CLANG_WARN_OBJC_IMPLICIT_RETAIN_SELF = YES;
				CLANG_WARN_OBJC_LITERAL_CONVERSION = YES;
				CLANG_WARN_OBJC_ROOT_CLASS = YES_ERROR;
				CLANG_WARN_RANGE_LOOP_ANALYSIS = YES;
				CLANG_WARN_STRICT_PROTOTYPES = YES;
				CLANG_WARN_SUSPICIOUS_MOVE = YES;
				CLANG_WARN_UNGUARDED_AVAILABILITY = YES_AGGRESSIVE;
				CLANG_WARN_UNREACHABLE_CODE = YES;
				CLANG_WARN__DUPLICATE_METHOD_MATCH = YES;
				CODE_SIGN_IDENTITY = "iPhone Developer";
				COPY_PHASE_STRIP = NO;
				DEBUG_INFORMATION_FORMAT = dwarf;
				ENABLE_STRICT_OBJC_MSGSEND = YES;
				ENABLE_TESTABILITY = YES;
				GCC_C_LANGUAGE_STANDARD = gnu11;
				GCC_DYNAMIC_NO_PIC = NO;
				GCC_NO_COMMON_BLOCKS = YES;
				GCC_OPTIMIZATION_LEVEL = 0;
				GCC_PREPROCESSOR_DEFINITIONS = (
					"DEBUG=1",
					"$(inherited)",
				);
				GCC_WARN_64_TO_32_BIT_CONVERSION = YES;
				GCC_WARN_ABOUT_RETURN_TYPE = YES_ERROR;
				GCC_WARN_UNDECLARED_SELECTOR = YES;
				GCC_WARN_UNINITIALIZED_AUTOS = YES_AGGRESSIVE;
				GCC_WARN_UNUSED_FUNCTION = YES;
				GCC_WARN_UNUSED_VARIABLE = YES;
				IPHONEOS_DEPLOYMENT_TARGET = 12.1;
				MTL_ENABLE_DEBUG_INFO = INCLUDE_SOURCE;
				MTL_FAST_MATH = YES;
				ONLY_ACTIVE_ARCH = YES;
				SDKROOT = iphoneos;
			};
			name = Debug;
		};
		34287D0423CEFE8D00FDED7A /* Release */ = {
			isa = XCBuildConfiguration;
			buildSettings = {
				ALWAYS_SEARCH_USER_PATHS = NO;
				CLANG_ANALYZER_NONNULL = YES;
				CLANG_ANALYZER_NUMBER_OBJECT_CONVERSION = YES_AGGRESSIVE;
				CLANG_CXX_LANGUAGE_STANDARD = "gnu++14";
				CLANG_CXX_LIBRARY = "libc++";
				CLANG_ENABLE_MODULES = YES;
				CLANG_ENABLE_OBJC_ARC = YES;
				CLANG_ENABLE_OBJC_WEAK = YES;
				CLANG_WARN_BLOCK_CAPTURE_AUTORELEASING = YES;
				CLANG_WARN_BOOL_CONVERSION = YES;
				CLANG_WARN_COMMA = YES;
				CLANG_WARN_CONSTANT_CONVERSION = YES;
				CLANG_WARN_DEPRECATED_OBJC_IMPLEMENTATIONS = YES;
				CLANG_WARN_DIRECT_OBJC_ISA_USAGE = YES_ERROR;
				CLANG_WARN_DOCUMENTATION_COMMENTS = YES;
				CLANG_WARN_EMPTY_BODY = YES;
				CLANG_WARN_ENUM_CONVERSION = YES;
				CLANG_WARN_INFINITE_RECURSION = YES;
				CLANG_WARN_INT_CONVERSION = YES;
				CLANG_WARN_NON_LITERAL_NULL_CONVERSION = YES;
				CLANG_WARN_OBJC_IMPLICIT_RETAIN_SELF = YES;
				CLANG_WARN_OBJC_LITERAL_CONVERSION = YES;
				CLANG_WARN_OBJC_ROOT_CLASS = YES_ERROR;
				CLANG_WARN_RANGE_LOOP_ANALYSIS = YES;
				CLANG_WARN_STRICT_PROTOTYPES = YES;
				CLANG_WARN_SUSPICIOUS_MOVE = YES;
				CLANG_WARN_UNGUARDED_AVAILABILITY = YES_AGGRESSIVE;
				CLANG_WARN_UNREACHABLE_CODE = YES;
				CLANG_WARN__DUPLICATE_METHOD_MATCH = YES;
				CODE_SIGN_IDENTITY = "iPhone Developer";
				COPY_PHASE_STRIP = NO;
				DEBUG_INFORMATION_FORMAT = "dwarf-with-dsym";
				ENABLE_NS_ASSERTIONS = NO;
				ENABLE_STRICT_OBJC_MSGSEND = YES;
				GCC_C_LANGUAGE_STANDARD = gnu11;
				GCC_NO_COMMON_BLOCKS = YES;
				GCC_WARN_64_TO_32_BIT_CONVERSION = YES;
				GCC_WARN_ABOUT_RETURN_TYPE = YES_ERROR;
				GCC_WARN_UNDECLARED_SELECTOR = YES;
				GCC_WARN_UNINITIALIZED_AUTOS = YES_AGGRESSIVE;
				GCC_WARN_UNUSED_FUNCTION = YES;
				GCC_WARN_UNUSED_VARIABLE = YES;
				IPHONEOS_DEPLOYMENT_TARGET = 12.1;
				MTL_ENABLE_DEBUG_INFO = NO;
				MTL_FAST_MATH = YES;
				SDKROOT = iphoneos;
				VALIDATE_PRODUCT = YES;
			};
			name = Release;
		};
		34287D0623CEFE8D00FDED7A /* Debug */ = {
			isa = XCBuildConfiguration;
			baseConfigurationReference = E64321F32BC7F2DBF83CFA85 /* Pods-FileBrower_OC_Demo.debug.xcconfig */;
			buildSettings = {
				ASSETCATALOG_COMPILER_APPICON_NAME = AppIcon;
				CODE_SIGN_STYLE = Automatic;
				INFOPLIST_FILE = FileBrower_OC_Demo/Info.plist;
				IPHONEOS_DEPLOYMENT_TARGET = 8.0;
				LD_RUNPATH_SEARCH_PATHS = (
					"$(inherited)",
					"@executable_path/Frameworks",
				);
				PRODUCT_BUNDLE_IDENTIFIER = "SZM.FileBrower-OC-Demo";
				PRODUCT_NAME = "$(TARGET_NAME)";
				TARGETED_DEVICE_FAMILY = "1,2";
			};
			name = Debug;
		};
		34287D0723CEFE8D00FDED7A /* Release */ = {
			isa = XCBuildConfiguration;
			baseConfigurationReference = F92FD53A30A073FD822A858F /* Pods-FileBrower_OC_Demo.release.xcconfig */;
			buildSettings = {
				ASSETCATALOG_COMPILER_APPICON_NAME = AppIcon;
				CODE_SIGN_STYLE = Automatic;
				INFOPLIST_FILE = FileBrower_OC_Demo/Info.plist;
				IPHONEOS_DEPLOYMENT_TARGET = 8.0;
				LD_RUNPATH_SEARCH_PATHS = (
					"$(inherited)",
					"@executable_path/Frameworks",
				);
				PRODUCT_BUNDLE_IDENTIFIER = "SZM.FileBrower-OC-Demo";
				PRODUCT_NAME = "$(TARGET_NAME)";
				TARGETED_DEVICE_FAMILY = "1,2";
			};
			name = Release;
		};
/* End XCBuildConfiguration section */

/* Begin XCConfigurationList section */
		34287CEA23CEFE8C00FDED7A /* Build configuration list for PBXProject "FileBrower_OC_Demo" */ = {
			isa = XCConfigurationList;
			buildConfigurations = (
				34287D0323CEFE8D00FDED7A /* Debug */,
				34287D0423CEFE8D00FDED7A /* Release */,
			);
			defaultConfigurationIsVisible = 0;
			defaultConfigurationName = Release;
		};
		34287D0523CEFE8D00FDED7A /* Build configuration list for PBXNativeTarget "FileBrower_OC_Demo" */ = {
			isa = XCConfigurationList;
			buildConfigurations = (
				34287D0623CEFE8D00FDED7A /* Debug */,
				34287D0723CEFE8D00FDED7A /* Release */,
			);
			defaultConfigurationIsVisible = 0;
			defaultConfigurationName = Release;
		};
/* End XCConfigurationList section */
	};
	rootObject = 34287CE723CEFE8C00FDED7A /* Project object */;
}
